
Microsoft Visual Studio Solution File, Format Version 12.00
# Visual Studio 15
VisualStudioVersion = 15.0.26730.15
MinimumVisualStudioVersion = 10.0.40219.1
Project("{FAE04EC0-301F-11D3-BF4B-00C04F79EFBC}") = "Billiards.API", "Billiards.API\Billiards.API.csproj", "{0A892BEC-4C6B-4FCD-99CA-F4CC00F3C494}"
EndProject
Project("{00D1A9C2-B5F0-4AF3-8072-F6C62B433612}") = "Billiards.Database", "Billiards.Database\Billiards.Database.sqlproj", "{763D0603-40B7-49FF-B5EB-87418F9E8136}"
EndProject
Project("{9A19103F-16F7-4668-BE54-9A1E7A4F7556}") = "Billiards.UI", "Billiards.UI\Billiards.UI.csproj", "{E777639B-6F45-4440-8191-A5FD74D957E7}"
EndProject
Global
	GlobalSection(SolutionConfigurationPlatforms) = preSolution
		Debug|Any CPU = Debug|Any CPU
		Release|Any CPU = Release|Any CPU
	EndGlobalSection
	GlobalSection(ProjectConfigurationPlatforms) = postSolution
		{0A892BEC-4C6B-4FCD-99CA-F4CC00F3C494}.Debug|Any CPU.ActiveCfg = Debug|Any CPU
		{0A892BEC-4C6B-4FCD-99CA-F4CC00F3C494}.Debug|Any CPU.Build.0 = Debug|Any CPU
		{0A892BEC-4C6B-4FCD-99CA-F4CC00F3C494}.Release|Any CPU.ActiveCfg = Release|Any CPU
		{0A892BEC-4C6B-4FCD-99CA-F4CC00F3C494}.Release|Any CPU.Build.0 = Release|Any CPU
		{763D0603-40B7-49FF-B5EB-87418F9E8136}.Debug|Any CPU.ActiveCfg = Debug|Any CPU
		{763D0603-40B7-49FF-B5EB-87418F9E8136}.Debug|Any CPU.Build.0 = Debug|Any CPU
		{763D0603-40B7-49FF-B5EB-87418F9E8136}.Debug|Any CPU.Deploy.0 = Debug|Any CPU
		{763D0603-40B7-49FF-B5EB-87418F9E8136}.Release|Any CPU.ActiveCfg = Release|Any CPU
		{763D0603-40B7-49FF-B5EB-87418F9E8136}.Release|Any CPU.Build.0 = Release|Any CPU
		{763D0603-40B7-49FF-B5EB-87418F9E8136}.Release|Any CPU.Deploy.0 = Release|Any CPU
		{E777639B-6F45-4440-8191-A5FD74D957E7}.Debug|Any CPU.ActiveCfg = Debug|Any CPU
		{E777639B-6F45-4440-8191-A5FD74D957E7}.Debug|Any CPU.Build.0 = Debug|Any CPU
		{E777639B-6F45-4440-8191-A5FD74D957E7}.Release|Any CPU.ActiveCfg = Release|Any CPU
		{E777639B-6F45-4440-8191-A5FD74D957E7}.Release|Any CPU.Build.0 = Release|Any CPU
	EndGlobalSection
	GlobalSection(SolutionProperties) = preSolution
		HideSolutionNode = FALSE
	EndGlobalSection
	GlobalSection(ExtensibilityGlobals) = postSolution
		SolutionGuid = {42CEC3E8-0047-4DC3-9140-7599E845F69C}
	EndGlobalSection
EndGlobal
